
Microsoft Visual Studio Solution File, Format Version 12.00
# Visual Studio Express 2013 for Windows Desktop
VisualStudioVersion = 12.0.21005.1
MinimumVisualStudioVersion = 10.0.40219.1
Project("{FAE04EC0-301F-11D3-BF4B-00C04F79EFBC}") = "CirclePerimeterAndArea", "CirclePerimeterAndArea\CirclePerimeterAndArea.csproj", "{8C5C6137-ADE0-4B09-888D-830AD73E89D4}"
EndProject
Project("{FAE04EC0-301F-11D3-BF4B-00C04F79EFBC}") = "FormattingNumbers", "FormattingNumbers\FormattingNumbers.csproj", "{35B2876D-4A6F-4D7E-900A-4B3301D7D378}"
EndProject
Project("{FAE04EC0-301F-11D3-BF4B-00C04F79EFBC}") = "NumberComparer", "NumberComparer\NumberComparer.csproj", "{60741248-E4F3-4C2D-B88B-3B8FCA653F3F}"
EndProject
Project("{FAE04EC0-301F-11D3-BF4B-00C04F79EFBC}") = "PrintCompanyInformation", "PrintCompanyInformation\PrintCompanyInformation.csproj", "{C7A116BD-7A29-4E94-8425-DE3694FDE2A2}"
EndProject
Project("{FAE04EC0-301F-11D3-BF4B-00C04F79EFBC}") = "QuadraticEquation", "QuadraticEquation\QuadraticEquation.csproj", "{C22C8D82-D531-43C0-877A-13012CC66CC1}"
EndProject
Project("{FAE04EC0-301F-11D3-BF4B-00C04F79EFBC}") = "SumIntegers", "SumIntegers\SumIntegers.csproj", "{18DDC344-7405-4A45-B130-079F6AF4FFD4}"
EndProject
Project("{FAE04EC0-301F-11D3-BF4B-00C04F79EFBC}") = "SumOfFiveNumbersBySpace", "SumOfFiveNumbersBySpace\SumOfFiveNumbersBySpace.csproj", "{7851EA13-2032-41DF-8A4A-FF340E41A476}"
EndProject
Project("{FAE04EC0-301F-11D3-BF4B-00C04F79EFBC}") = "NumbersFromOneToN", "NumbersFromOneToN\NumbersFromOneToN.csproj", "{B694A10A-3373-4426-850A-6C74650B343F}"
EndProject
Project("{FAE04EC0-301F-11D3-BF4B-00C04F79EFBC}") = "SumOfNNumbers", "SumOfNNumbers\SumOfNNumbers.csproj", "{CB6F493C-A247-4F76-BA74-05B1BA1F314E}"
EndProject
Project("{FAE04EC0-301F-11D3-BF4B-00C04F79EFBC}") = "FibonacciNumbers", "FibonacciNumbers\FibonacciNumbers.csproj", "{9CEEB9F6-A0D9-47A8-A773-4B7E0C20C1A3}"
EndProject
Project("{FAE04EC0-301F-11D3-BF4B-00C04F79EFBC}") = "NumbersInIntervalFive", "NumbersInIntervalFive\NumbersInIntervalFive.csproj", "{EED12C15-2A67-4BF8-9686-02991A3C1401}"
EndProject
Project("{FAE04EC0-301F-11D3-BF4B-00C04F79EFBC}") = "FallingRocks", "FallingRocks\FallingRocks.csproj", "{FD71BC38-B572-4EE5-8F02-EC8EB28062CB}"
EndProject
Global
	GlobalSection(SolutionConfigurationPlatforms) = preSolution
		Debug|Any CPU = Debug|Any CPU
		Release|Any CPU = Release|Any CPU
	EndGlobalSection
	GlobalSection(ProjectConfigurationPlatforms) = postSolution
		{8C5C6137-ADE0-4B09-888D-830AD73E89D4}.Debug|Any CPU.ActiveCfg = Debug|Any CPU
		{8C5C6137-ADE0-4B09-888D-830AD73E89D4}.Debug|Any CPU.Build.0 = Debug|Any CPU
		{8C5C6137-ADE0-4B09-888D-830AD73E89D4}.Release|Any CPU.ActiveCfg = Release|Any CPU
		{8C5C6137-ADE0-4B09-888D-830AD73E89D4}.Release|Any CPU.Build.0 = Release|Any CPU
		{35B2876D-4A6F-4D7E-900A-4B3301D7D378}.Debug|Any CPU.ActiveCfg = Debug|Any CPU
		{35B2876D-4A6F-4D7E-900A-4B3301D7D378}.Debug|Any CPU.Build.0 = Debug|Any CPU
		{35B2876D-4A6F-4D7E-900A-4B3301D7D378}.Release|Any CPU.ActiveCfg = Release|Any CPU
		{35B2876D-4A6F-4D7E-900A-4B3301D7D378}.Release|Any CPU.Build.0 = Release|Any CPU
		{60741248-E4F3-4C2D-B88B-3B8FCA653F3F}.Debug|Any CPU.ActiveCfg = Debug|Any CPU
		{60741248-E4F3-4C2D-B88B-3B8FCA653F3F}.Debug|Any CPU.Build.0 = Debug|Any CPU
		{60741248-E4F3-4C2D-B88B-3B8FCA653F3F}.Release|Any CPU.ActiveCfg = Release|Any CPU
		{60741248-E4F3-4C2D-B88B-3B8FCA653F3F}.Release|Any CPU.Build.0 = Release|Any CPU
		{C7A116BD-7A29-4E94-8425-DE3694FDE2A2}.Debug|Any CPU.ActiveCfg = Debug|Any CPU
		{C7A116BD-7A29-4E94-8425-DE3694FDE2A2}.Debug|Any CPU.Build.0 = Debug|Any CPU
		{C7A116BD-7A29-4E94-8425-DE3694FDE2A2}.Release|Any CPU.ActiveCfg = Release|Any CPU
		{C7A116BD-7A29-4E94-8425-DE3694FDE2A2}.Release|Any CPU.Build.0 = Release|Any CPU
		{C22C8D82-D531-43C0-877A-13012CC66CC1}.Debug|Any CPU.ActiveCfg = Debug|Any CPU
		{C22C8D82-D531-43C0-877A-13012CC66CC1}.Debug|Any CPU.Build.0 = Debug|Any CPU
		{C22C8D82-D531-43C0-877A-13012CC66CC1}.Release|Any CPU.ActiveCfg = Release|Any CPU
		{C22C8D82-D531-43C0-877A-13012CC66CC1}.Release|Any CPU.Build.0 = Release|Any CPU
		{18DDC344-7405-4A45-B130-079F6AF4FFD4}.Debug|Any CPU.ActiveCfg = Debug|Any CPU
		{18DDC344-7405-4A45-B130-079F6AF4FFD4}.Debug|Any CPU.Build.0 = Debug|Any CPU
		{18DDC344-7405-4A45-B130-079F6AF4FFD4}.Release|Any CPU.ActiveCfg = Release|Any CPU
		{18DDC344-7405-4A45-B130-079F6AF4FFD4}.Release|Any CPU.Build.0 = Release|Any CPU
		{7851EA13-2032-41DF-8A4A-FF340E41A476}.Debug|Any CPU.ActiveCfg = Debug|Any CPU
		{7851EA13-2032-41DF-8A4A-FF340E41A476}.Debug|Any CPU.Build.0 = Debug|Any CPU
		{7851EA13-2032-41DF-8A4A-FF340E41A476}.Release|Any CPU.ActiveCfg = Release|Any CPU
		{7851EA13-2032-41DF-8A4A-FF340E41A476}.Release|Any CPU.Build.0 = Release|Any CPU
		{B694A10A-3373-4426-850A-6C74650B343F}.Debug|Any CPU.ActiveCfg = Debug|Any CPU
		{B694A10A-3373-4426-850A-6C74650B343F}.Debug|Any CPU.Build.0 = Debug|Any CPU
		{B694A10A-3373-4426-850A-6C74650B343F}.Release|Any CPU.ActiveCfg = Release|Any CPU
		{B694A10A-3373-4426-850A-6C74650B343F}.Release|Any CPU.Build.0 = Release|Any CPU
		{CB6F493C-A247-4F76-BA74-05B1BA1F314E}.Debug|Any CPU.ActiveCfg = Debug|Any CPU
		{CB6F493C-A247-4F76-BA74-05B1BA1F314E}.Debug|Any CPU.Build.0 = Debug|Any CPU
		{CB6F493C-A247-4F76-BA74-05B1BA1F314E}.Release|Any CPU.ActiveCfg = Release|Any CPU
		{CB6F493C-A247-4F76-BA74-05B1BA1F314E}.Release|Any CPU.Build.0 = Release|Any CPU
		{9CEEB9F6-A0D9-47A8-A773-4B7E0C20C1A3}.Debug|Any CPU.ActiveCfg = Debug|Any CPU
		{9CEEB9F6-A0D9-47A8-A773-4B7E0C20C1A3}.Debug|Any CPU.Build.0 = Debug|Any CPU
		{9CEEB9F6-A0D9-47A8-A773-4B7E0C20C1A3}.Release|Any CPU.ActiveCfg = Release|Any CPU
		{9CEEB9F6-A0D9-47A8-A773-4B7E0C20C1A3}.Release|Any CPU.Build.0 = Release|Any CPU
		{EED12C15-2A67-4BF8-9686-02991A3C1401}.Debug|Any CPU.ActiveCfg = Debug|Any CPU
		{EED12C15-2A67-4BF8-9686-02991A3C1401}.Debug|Any CPU.Build.0 = Debug|Any CPU
		{EED12C15-2A67-4BF8-9686-02991A3C1401}.Release|Any CPU.ActiveCfg = Release|Any CPU
		{EED12C15-2A67-4BF8-9686-02991A3C1401}.Release|Any CPU.Build.0 = Release|Any CPU
		{FD71BC38-B572-4EE5-8F02-EC8EB28062CB}.Debug|Any CPU.ActiveCfg = Debug|Any CPU
		{FD71BC38-B572-4EE5-8F02-EC8EB28062CB}.Debug|Any CPU.Build.0 = Debug|Any CPU
		{FD71BC38-B572-4EE5-8F02-EC8EB28062CB}.Release|Any CPU.ActiveCfg = Release|Any CPU
		{FD71BC38-B572-4EE5-8F02-EC8EB28062CB}.Release|Any CPU.Build.0 = Release|Any CPU
	EndGlobalSection
	GlobalSection(SolutionProperties) = preSolution
		HideSolutionNode = FALSE
	EndGlobalSection
EndGlobal
